
Microsoft Visual Studio Solution File, Format Version 12.00
# Visual Studio Version 17
VisualStudioVersion = 17.4.33205.214
MinimumVisualStudioVersion = 10.0.40219.1
Project("{FAE04EC0-301F-11D3-BF4B-00C04F79EFBC}") = "DemoDI", "DemoDI\DemoDI.csproj", "{76A2891F-D507-4784-B36E-EC93B2620A50}"
EndProject
Global
	GlobalSection(SolutionConfigurationPlatforms) = preSolution
		Debug|Any CPU = Debug|Any CPU
		Release|Any CPU = Release|Any CPU
	EndGlobalSection
	GlobalSection(ProjectConfigurationPlatforms) = postSolution
		{76A2891F-D507-4784-B36E-EC93B2620A50}.Debug|Any CPU.ActiveCfg = Debug|Any CPU
		{76A2891F-D507-4784-B36E-EC93B2620A50}.Debug|Any CPU.Build.0 = Debug|Any CPU
		{76A2891F-D507-4784-B36E-EC93B2620A50}.Release|Any CPU.ActiveCfg = Release|Any CPU
		{76A2891F-D507-4784-B36E-EC93B2620A50}.Release|Any CPU.Build.0 = Release|Any CPU
	EndGlobalSection
	GlobalSection(SolutionProperties) = preSolution
		HideSolutionNode = FALSE
	EndGlobalSection
	GlobalSection(ExtensibilityGlobals) = postSolution
		SolutionGuid = {5AE1B7D6-D77C-4A95-9A8B-D5F1C13656F0}
	EndGlobalSection
EndGlobal
